// !$*UTF8*$!
{
	archiveVersion = 1;
	classes = {
	};
	objectVersion = 46;
	objects = {

/* Begin PBXBuildFile section */
		6D00C138154B8916004728CD /* Cuisine+Restaurant.m in Sources */ = {isa = PBXBuildFile; fileRef = 6D00C137154B8916004728CD /* Cuisine+Restaurant.m */; };
		6D00C15B154BA11B004728CD /* CoreLocation.framework in Frameworks */ = {isa = PBXBuildFile; fileRef = 6D00C15A154BA11B004728CD /* CoreLocation.framework */; };
		6D00C15E154BAEBB004728CD /* Restaurant.m in Sources */ = {isa = PBXBuildFile; fileRef = 6D00C15D154BAEBB004728CD /* Restaurant.m */; };
		6D00C165154BB103004728CD /* RestaurantLocation.m in Sources */ = {isa = PBXBuildFile; fileRef = 6D00C164154BB103004728CD /* RestaurantLocation.m */; };
		6D00C168154BB1CC004728CD /* Restaurant+Json.m in Sources */ = {isa = PBXBuildFile; fileRef = 6D00C167154BB1CC004728CD /* Restaurant+Json.m */; };
		6D00C16B154BB233004728CD /* RestaurantLocation+Json.m in Sources */ = {isa = PBXBuildFile; fileRef = 6D00C16A154BB233004728CD /* RestaurantLocation+Json.m */; };
		6D00C16E154BC256004728CD /* RestaurantDetailsViewController.m in Sources */ = {isa = PBXBuildFile; fileRef = 6D00C16D154BC256004728CD /* RestaurantDetailsViewController.m */; };
		6D036A7E154CE572005ACB52 /* Icon.png in Resources */ = {isa = PBXBuildFile; fileRef = 6D036A7C154CE572005ACB52 /* Icon.png */; };
		6D036A7F154CE572005ACB52 /* Icon@2x.png in Resources */ = {isa = PBXBuildFile; fileRef = 6D036A7D154CE572005ACB52 /* Icon@2x.png */; };
		6D036A85154CE7AC005ACB52 /* iTunesArtwork in Resources */ = {isa = PBXBuildFile; fileRef = 6D036A84154CE7AC005ACB52 /* iTunesArtwork */; };
		6D0530E1154C3C8700578E23 /* Powered_By_Yelp_Red.png in Resources */ = {isa = PBXBuildFile; fileRef = 6D0530E0154C3C8700578E23 /* Powered_By_Yelp_Red.png */; };
		6D1BD0B0154A9B00007B5C39 /* FormOfEntertainmentViewController.m in Sources */ = {isa = PBXBuildFile; fileRef = 6D1BD0A5154A9B00007B5C39 /* FormOfEntertainmentViewController.m */; };
		6D1BD0B1154A9B00007B5C39 /* RecipeDetailsViewController.m in Sources */ = {isa = PBXBuildFile; fileRef = 6D1BD0A7154A9B00007B5C39 /* RecipeDetailsViewController.m */; };
		6D1BD0B2154A9B00007B5C39 /* RecipeListingTableCell.m in Sources */ = {isa = PBXBuildFile; fileRef = 6D1BD0A9154A9B00007B5C39 /* RecipeListingTableCell.m */; };
		6D1BD0B3154A9B00007B5C39 /* RecipeListTableViewController.m in Sources */ = {isa = PBXBuildFile; fileRef = 6D1BD0AB154A9B00007B5C39 /* RecipeListTableViewController.m */; };
		6D1BD0B4154A9B00007B5C39 /* RestaurantListTableViewController.m in Sources */ = {isa = PBXBuildFile; fileRef = 6D1BD0AD154A9B00007B5C39 /* RestaurantListTableViewController.m */; };
		6D1BD0B5154A9B00007B5C39 /* YelpFetcher.m in Sources */ = {isa = PBXBuildFile; fileRef = 6D1BD0AF154A9B00007B5C39 /* YelpFetcher.m */; };
		6D1BD0E1154A9E1C007B5C39 /* NSMutableURLRequest+Parameters.m in Sources */ = {isa = PBXBuildFile; fileRef = 6D1BD0BD154A9E1C007B5C39 /* NSMutableURLRequest+Parameters.m */; settings = {COMPILER_FLAGS = "-fno-objc-arc"; }; };
		6D1BD0E2154A9E1C007B5C39 /* NSString+URLEncoding.m in Sources */ = {isa = PBXBuildFile; fileRef = 6D1BD0BF154A9E1C007B5C39 /* NSString+URLEncoding.m */; settings = {COMPILER_FLAGS = "-fno-objc-arc"; }; };
		6D1BD0E3154A9E1C007B5C39 /* NSURL+Base.m in Sources */ = {isa = PBXBuildFile; fileRef = 6D1BD0C1154A9E1C007B5C39 /* NSURL+Base.m */; settings = {COMPILER_FLAGS = "-fno-objc-arc"; }; };
		6D1BD0E4154A9E1C007B5C39 /* Base64Transcoder.c in Sources */ = {isa = PBXBuildFile; fileRef = 6D1BD0C3154A9E1C007B5C39 /* Base64Transcoder.c */; settings = {COMPILER_FLAGS = "-fno-objc-arc"; }; };
		6D1BD0E5154A9E1C007B5C39 /* hmac.c in Sources */ = {isa = PBXBuildFile; fileRef = 6D1BD0C5154A9E1C007B5C39 /* hmac.c */; settings = {COMPILER_FLAGS = "-fno-objc-arc"; }; };
		6D1BD0E6154A9E1C007B5C39 /* sha1.c in Sources */ = {isa = PBXBuildFile; fileRef = 6D1BD0C7154A9E1C007B5C39 /* sha1.c */; settings = {COMPILER_FLAGS = "-fno-objc-arc"; }; };
		6D1BD0E7154A9E1C007B5C39 /* OACall.m in Sources */ = {isa = PBXBuildFile; fileRef = 6D1BD0CA154A9E1C007B5C39 /* OACall.m */; settings = {COMPILER_FLAGS = "-fno-objc-arc"; }; };
		6D1BD0E8154A9E1C007B5C39 /* OAConsumer.m in Sources */ = {isa = PBXBuildFile; fileRef = 6D1BD0CC154A9E1C007B5C39 /* OAConsumer.m */; settings = {COMPILER_FLAGS = "-fno-objc-arc"; }; };
		6D1BD0E9154A9E1C007B5C39 /* OADataFetcher.m in Sources */ = {isa = PBXBuildFile; fileRef = 6D1BD0CE154A9E1C007B5C39 /* OADataFetcher.m */; settings = {COMPILER_FLAGS = "-fno-objc-arc"; }; };
		6D1BD0EA154A9E1C007B5C39 /* OAHMAC_SHA1SignatureProvider.m in Sources */ = {isa = PBXBuildFile; fileRef = 6D1BD0D0154A9E1C007B5C39 /* OAHMAC_SHA1SignatureProvider.m */; settings = {COMPILER_FLAGS = "-fno-objc-arc"; }; };
		6D1BD0EB154A9E1C007B5C39 /* OAMutableURLRequest.m in Sources */ = {isa = PBXBuildFile; fileRef = 6D1BD0D2154A9E1C007B5C39 /* OAMutableURLRequest.m */; settings = {COMPILER_FLAGS = "-fno-objc-arc"; }; };
		6D1BD0EC154A9E1C007B5C39 /* OAPlaintextSignatureProvider.m in Sources */ = {isa = PBXBuildFile; fileRef = 6D1BD0D4154A9E1C007B5C39 /* OAPlaintextSignatureProvider.m */; settings = {COMPILER_FLAGS = "-fno-objc-arc"; }; };
		6D1BD0ED154A9E1C007B5C39 /* OAProblem.m in Sources */ = {isa = PBXBuildFile; fileRef = 6D1BD0D6154A9E1C007B5C39 /* OAProblem.m */; settings = {COMPILER_FLAGS = "-fno-objc-arc"; }; };
		6D1BD0EE154A9E1C007B5C39 /* OARequestParameter.m in Sources */ = {isa = PBXBuildFile; fileRef = 6D1BD0D8154A9E1C007B5C39 /* OARequestParameter.m */; settings = {COMPILER_FLAGS = "-fno-objc-arc"; }; };
		6D1BD0EF154A9E1C007B5C39 /* OAServiceTicket.m in Sources */ = {isa = PBXBuildFile; fileRef = 6D1BD0DA154A9E1C007B5C39 /* OAServiceTicket.m */; settings = {COMPILER_FLAGS = "-fno-objc-arc"; }; };
		6D1BD0F0154A9E1C007B5C39 /* OAToken.m in Sources */ = {isa = PBXBuildFile; fileRef = 6D1BD0DD154A9E1C007B5C39 /* OAToken.m */; settings = {COMPILER_FLAGS = "-fno-objc-arc"; }; };
		6D1BD0F1154A9E1C007B5C39 /* OATokenManager.m in Sources */ = {isa = PBXBuildFile; fileRef = 6D1BD0DF154A9E1C007B5C39 /* OATokenManager.m */; settings = {COMPILER_FLAGS = "-fno-objc-arc"; }; };
		6D4A1DD115427D0700C90849 /* UIKit.framework in Frameworks */ = {isa = PBXBuildFile; fileRef = 6D4A1DD015427D0700C90849 /* UIKit.framework */; };
		6D4A1DD315427D0700C90849 /* Foundation.framework in Frameworks */ = {isa = PBXBuildFile; fileRef = 6D4A1DD215427D0700C90849 /* Foundation.framework */; };
		6D4A1DD515427D0700C90849 /* CoreGraphics.framework in Frameworks */ = {isa = PBXBuildFile; fileRef = 6D4A1DD415427D0700C90849 /* CoreGraphics.framework */; };
		6D4A1DDB15427D0700C90849 /* InfoPlist.strings in Resources */ = {isa = PBXBuildFile; fileRef = 6D4A1DD915427D0700C90849 /* InfoPlist.strings */; };
		6D4A1DDD15427D0700C90849 /* main.m in Sources */ = {isa = PBXBuildFile; fileRef = 6D4A1DDC15427D0700C90849 /* main.m */; };
		6D4A1DE115427D0700C90849 /* AppDelegate.m in Sources */ = {isa = PBXBuildFile; fileRef = 6D4A1DE015427D0700C90849 /* AppDelegate.m */; };
		6D4A1DE415427D0700C90849 /* MainStoryboard.storyboard in Resources */ = {isa = PBXBuildFile; fileRef = 6D4A1DE215427D0700C90849 /* MainStoryboard.storyboard */; };
		6D4A1DE715427D0700C90849 /* TypeOfFoodViewController.m in Sources */ = {isa = PBXBuildFile; fileRef = 6D4A1DE615427D0700C90849 /* TypeOfFoodViewController.m */; };
		6D4A1DE915427D0700C90849 /* first.png in Resources */ = {isa = PBXBuildFile; fileRef = 6D4A1DE815427D0700C90849 /* first.png */; };
		6D4A1DEB15427D0700C90849 /* first@2x.png in Resources */ = {isa = PBXBuildFile; fileRef = 6D4A1DEA15427D0700C90849 /* first@2x.png */; };
		6D4A1DF015427D0700C90849 /* second.png in Resources */ = {isa = PBXBuildFile; fileRef = 6D4A1DEF15427D0700C90849 /* second.png */; };
		6D4A1DF215427D0700C90849 /* second@2x.png in Resources */ = {isa = PBXBuildFile; fileRef = 6D4A1DF115427D0700C90849 /* second@2x.png */; };
		6D4A1DF915428F1F00C90849 /* Readme.txt in Resources */ = {isa = PBXBuildFile; fileRef = 6D4A1DF815428F1F00C90849 /* Readme.txt */; };
		6D66243915460E4400DE596D /* Cuisine.m in Sources */ = {isa = PBXBuildFile; fileRef = 6D66243815460E4400DE596D /* Cuisine.m */; };
		6D6624531546124800DE596D /* PearsonFetcher.m in Sources */ = {isa = PBXBuildFile; fileRef = 6D6624521546124800DE596D /* PearsonFetcher.m */; };
		6D6624571546175B00DE596D /* Cuisine+Json.m in Sources */ = {isa = PBXBuildFile; fileRef = 6D6624561546175B00DE596D /* Cuisine+Json.m */; };
		6D66245A15461AE000DE596D /* Recipe.m in Sources */ = {isa = PBXBuildFile; fileRef = 6D66245915461AE000DE596D /* Recipe.m */; };
		6D66245D15461AFB00DE596D /* Recipe+Json.m in Sources */ = {isa = PBXBuildFile; fileRef = 6D66245C15461AFB00DE596D /* Recipe+Json.m */; };
		6D6624601546221400DE596D /* RecipeIngredient.m in Sources */ = {isa = PBXBuildFile; fileRef = 6D66245F1546221400DE596D /* RecipeIngredient.m */; };
		6D6624631546222600DE596D /* RecipeIngredient+Json.m in Sources */ = {isa = PBXBuildFile; fileRef = 6D6624621546222600DE596D /* RecipeIngredient+Json.m */; };
		6D6624661546227700DE596D /* NutritionalInfo.m in Sources */ = {isa = PBXBuildFile; fileRef = 6D6624651546227600DE596D /* NutritionalInfo.m */; };
		6D6624691546229500DE596D /* NutritionalInfo+Json.m in Sources */ = {isa = PBXBuildFile; fileRef = 6D6624681546229500DE596D /* NutritionalInfo+Json.m */; };
		6DA75C04154CB38E003605D3 /* libSDWebImage.a in Frameworks */ = {isa = PBXBuildFile; fileRef = 6DA75C03154CB35C003605D3 /* libSDWebImage.a */; };
		6DA75C06154CB42A003605D3 /* MapKit.framework in Frameworks */ = {isa = PBXBuildFile; fileRef = 6DA75C05154CB42A003605D3 /* MapKit.framework */; };
		6DA75C09154CB48E003605D3 /* RestaurantListingTableCell.m in Sources */ = {isa = PBXBuildFile; fileRef = 6DA75C08154CB48E003605D3 /* RestaurantListingTableCell.m */; };
		6DA75C0B154CB671003605D3 /* restaurant_placeholder.png in Resources */ = {isa = PBXBuildFile; fileRef = 6DA75C0A154CB671003605D3 /* restaurant_placeholder.png */; };
		6DA75C0D154CB9A4003605D3 /* blank.gif in Resources */ = {isa = PBXBuildFile; fileRef = 6DA75C0C154CB9A4003605D3 /* blank.gif */; };
/* End PBXBuildFile section */

/* Begin PBXContainerItemProxy section */
		6DA75C02154CB35C003605D3 /* PBXContainerItemProxy */ = {
			isa = PBXContainerItemProxy;
			containerPortal = 6DA75BF3154CB354003605D3 /* SDWebImage.xcodeproj */;
			proxyType = 2;
			remoteGlobalIDString = 53922D6F148C55820056699D;
			remoteInfo = SDWebImage;
		};
/* End PBXContainerItemProxy section */

/* Begin PBXFileReference section */
		6D00C134154B87EB004728CD /* Fetcher.h */ = {isa = PBXFileReference; lastKnownFileType = sourcecode.c.h; path = Fetcher.h; sourceTree = "<group>"; };
		6D00C136154B8916004728CD /* Cuisine+Restaurant.h */ = {isa = PBXFileReference; fileEncoding = 4; lastKnownFileType = sourcecode.c.h; path = "Cuisine+Restaurant.h"; sourceTree = "<group>"; };
		6D00C137154B8916004728CD /* Cuisine+Restaurant.m */ = {isa = PBXFileReference; fileEncoding = 4; lastKnownFileType = sourcecode.c.objc; path = "Cuisine+Restaurant.m"; sourceTree = "<group>"; };
		6D00C15A154BA11B004728CD /* CoreLocation.framework */ = {isa = PBXFileReference; lastKnownFileType = wrapper.framework; name = CoreLocation.framework; path = System/Library/Frameworks/CoreLocation.framework; sourceTree = SDKROOT; };
		6D00C15C154BAEBB004728CD /* Restaurant.h */ = {isa = PBXFileReference; fileEncoding = 4; lastKnownFileType = sourcecode.c.h; path = Restaurant.h; sourceTree = "<group>"; };
		6D00C15D154BAEBB004728CD /* Restaurant.m */ = {isa = PBXFileReference; fileEncoding = 4; lastKnownFileType = sourcecode.c.objc; path = Restaurant.m; sourceTree = "<group>"; };
		6D00C163154BB103004728CD /* RestaurantLocation.h */ = {isa = PBXFileReference; fileEncoding = 4; lastKnownFileType = sourcecode.c.h; path = RestaurantLocation.h; sourceTree = "<group>"; };
		6D00C164154BB103004728CD /* RestaurantLocation.m */ = {isa = PBXFileReference; fileEncoding = 4; lastKnownFileType = sourcecode.c.objc; path = RestaurantLocation.m; sourceTree = "<group>"; };
		6D00C166154BB1CC004728CD /* Restaurant+Json.h */ = {isa = PBXFileReference; fileEncoding = 4; lastKnownFileType = sourcecode.c.h; path = "Restaurant+Json.h"; sourceTree = "<group>"; };
		6D00C167154BB1CC004728CD /* Restaurant+Json.m */ = {isa = PBXFileReference; fileEncoding = 4; lastKnownFileType = sourcecode.c.objc; path = "Restaurant+Json.m"; sourceTree = "<group>"; };
		6D00C169154BB233004728CD /* RestaurantLocation+Json.h */ = {isa = PBXFileReference; fileEncoding = 4; lastKnownFileType = sourcecode.c.h; path = "RestaurantLocation+Json.h"; sourceTree = "<group>"; };
		6D00C16A154BB233004728CD /* RestaurantLocation+Json.m */ = {isa = PBXFileReference; fileEncoding = 4; lastKnownFileType = sourcecode.c.objc; path = "RestaurantLocation+Json.m"; sourceTree = "<group>"; };
		6D00C16C154BC256004728CD /* RestaurantDetailsViewController.h */ = {isa = PBXFileReference; fileEncoding = 4; lastKnownFileType = sourcecode.c.h; path = RestaurantDetailsViewController.h; sourceTree = "<group>"; };
		6D00C16D154BC256004728CD /* RestaurantDetailsViewController.m */ = {isa = PBXFileReference; fileEncoding = 4; lastKnownFileType = sourcecode.c.objc; path = RestaurantDetailsViewController.m; sourceTree = "<group>"; };
		6D036A7C154CE572005ACB52 /* Icon.png */ = {isa = PBXFileReference; lastKnownFileType = image.png; path = Icon.png; sourceTree = "<group>"; };
		6D036A7D154CE572005ACB52 /* Icon@2x.png */ = {isa = PBXFileReference; lastKnownFileType = image.png; path = "Icon@2x.png"; sourceTree = "<group>"; };
		6D036A84154CE7AC005ACB52 /* iTunesArtwork */ = {isa = PBXFileReference; lastKnownFileType = file; path = iTunesArtwork; sourceTree = "<group>"; };
		6D0530E0154C3C8700578E23 /* Powered_By_Yelp_Red.png */ = {isa = PBXFileReference; lastKnownFileType = image.png; path = Powered_By_Yelp_Red.png; sourceTree = "<group>"; };
		6D1BD0A5154A9B00007B5C39 /* FormOfEntertainmentViewController.m */ = {isa = PBXFileReference; fileEncoding = 4; lastKnownFileType = sourcecode.c.objc; path = FormOfEntertainmentViewController.m; sourceTree = "<group>"; };
		6D1BD0A6154A9B00007B5C39 /* RecipeDetailsViewController.h */ = {isa = PBXFileReference; fileEncoding = 4; lastKnownFileType = sourcecode.c.h; path = RecipeDetailsViewController.h; sourceTree = "<group>"; };
		6D1BD0A7154A9B00007B5C39 /* RecipeDetailsViewController.m */ = {isa = PBXFileReference; fileEncoding = 4; lastKnownFileType = sourcecode.c.objc; path = RecipeDetailsViewController.m; sourceTree = "<group>"; };
		6D1BD0A8154A9B00007B5C39 /* RecipeListingTableCell.h */ = {isa = PBXFileReference; fileEncoding = 4; lastKnownFileType = sourcecode.c.h; path = RecipeListingTableCell.h; sourceTree = "<group>"; };
		6D1BD0A9154A9B00007B5C39 /* RecipeListingTableCell.m */ = {isa = PBXFileReference; fileEncoding = 4; lastKnownFileType = sourcecode.c.objc; path = RecipeListingTableCell.m; sourceTree = "<group>"; };
		6D1BD0AA154A9B00007B5C39 /* RecipeListTableViewController.h */ = {isa = PBXFileReference; fileEncoding = 4; lastKnownFileType = sourcecode.c.h; path = RecipeListTableViewController.h; sourceTree = "<group>"; };
		6D1BD0AB154A9B00007B5C39 /* RecipeListTableViewController.m */ = {isa = PBXFileReference; fileEncoding = 4; lastKnownFileType = sourcecode.c.objc; path = RecipeListTableViewController.m; sourceTree = "<group>"; };
		6D1BD0AC154A9B00007B5C39 /* RestaurantListTableViewController.h */ = {isa = PBXFileReference; fileEncoding = 4; lastKnownFileType = sourcecode.c.h; path = RestaurantListTableViewController.h; sourceTree = "<group>"; };
		6D1BD0AD154A9B00007B5C39 /* RestaurantListTableViewController.m */ = {isa = PBXFileReference; fileEncoding = 4; lastKnownFileType = sourcecode.c.objc; path = RestaurantListTableViewController.m; sourceTree = "<group>"; };
		6D1BD0AE154A9B00007B5C39 /* YelpFetcher.h */ = {isa = PBXFileReference; fileEncoding = 4; lastKnownFileType = sourcecode.c.h; path = YelpFetcher.h; sourceTree = "<group>"; };
		6D1BD0AF154A9B00007B5C39 /* YelpFetcher.m */ = {isa = PBXFileReference; fileEncoding = 4; lastKnownFileType = sourcecode.c.objc; path = YelpFetcher.m; sourceTree = "<group>"; };
		6D1BD0BC154A9E1C007B5C39 /* NSMutableURLRequest+Parameters.h */ = {isa = PBXFileReference; fileEncoding = 4; lastKnownFileType = sourcecode.c.h; path = "NSMutableURLRequest+Parameters.h"; sourceTree = "<group>"; };
		6D1BD0BD154A9E1C007B5C39 /* NSMutableURLRequest+Parameters.m */ = {isa = PBXFileReference; fileEncoding = 4; lastKnownFileType = sourcecode.c.objc; path = "NSMutableURLRequest+Parameters.m"; sourceTree = "<group>"; };
		6D1BD0BE154A9E1C007B5C39 /* NSString+URLEncoding.h */ = {isa = PBXFileReference; fileEncoding = 4; lastKnownFileType = sourcecode.c.h; path = "NSString+URLEncoding.h"; sourceTree = "<group>"; };
		6D1BD0BF154A9E1C007B5C39 /* NSString+URLEncoding.m */ = {isa = PBXFileReference; fileEncoding = 4; lastKnownFileType = sourcecode.c.objc; path = "NSString+URLEncoding.m"; sourceTree = "<group>"; };
		6D1BD0C0154A9E1C007B5C39 /* NSURL+Base.h */ = {isa = PBXFileReference; fileEncoding = 4; lastKnownFileType = sourcecode.c.h; path = "NSURL+Base.h"; sourceTree = "<group>"; };
		6D1BD0C1154A9E1C007B5C39 /* NSURL+Base.m */ = {isa = PBXFileReference; fileEncoding = 4; lastKnownFileType = sourcecode.c.objc; path = "NSURL+Base.m"; sourceTree = "<group>"; };
		6D1BD0C3154A9E1C007B5C39 /* Base64Transcoder.c */ = {isa = PBXFileReference; fileEncoding = 4; lastKnownFileType = sourcecode.c.c; path = Base64Transcoder.c; sourceTree = "<group>"; };
		6D1BD0C4154A9E1C007B5C39 /* Base64Transcoder.h */ = {isa = PBXFileReference; fileEncoding = 4; lastKnownFileType = sourcecode.c.h; path = Base64Transcoder.h; sourceTree = "<group>"; };
		6D1BD0C5154A9E1C007B5C39 /* hmac.c */ = {isa = PBXFileReference; fileEncoding = 4; lastKnownFileType = sourcecode.c.c; path = hmac.c; sourceTree = "<group>"; };
		6D1BD0C6154A9E1C007B5C39 /* hmac.h */ = {isa = PBXFileReference; fileEncoding = 4; lastKnownFileType = sourcecode.c.h; path = hmac.h; sourceTree = "<group>"; };
		6D1BD0C7154A9E1C007B5C39 /* sha1.c */ = {isa = PBXFileReference; fileEncoding = 4; lastKnownFileType = sourcecode.c.c; path = sha1.c; sourceTree = "<group>"; };
		6D1BD0C8154A9E1C007B5C39 /* sha1.h */ = {isa = PBXFileReference; fileEncoding = 4; lastKnownFileType = sourcecode.c.h; path = sha1.h; sourceTree = "<group>"; };
		6D1BD0C9154A9E1C007B5C39 /* OACall.h */ = {isa = PBXFileReference; fileEncoding = 4; lastKnownFileType = sourcecode.c.h; path = OACall.h; sourceTree = "<group>"; };
		6D1BD0CA154A9E1C007B5C39 /* OACall.m */ = {isa = PBXFileReference; fileEncoding = 4; lastKnownFileType = sourcecode.c.objc; path = OACall.m; sourceTree = "<group>"; };
		6D1BD0CB154A9E1C007B5C39 /* OAConsumer.h */ = {isa = PBXFileReference; fileEncoding = 4; lastKnownFileType = sourcecode.c.h; path = OAConsumer.h; sourceTree = "<group>"; };
		6D1BD0CC154A9E1C007B5C39 /* OAConsumer.m */ = {isa = PBXFileReference; fileEncoding = 4; lastKnownFileType = sourcecode.c.objc; path = OAConsumer.m; sourceTree = "<group>"; };
		6D1BD0CD154A9E1C007B5C39 /* OADataFetcher.h */ = {isa = PBXFileReference; fileEncoding = 4; lastKnownFileType = sourcecode.c.h; path = OADataFetcher.h; sourceTree = "<group>"; };
		6D1BD0CE154A9E1C007B5C39 /* OADataFetcher.m */ = {isa = PBXFileReference; fileEncoding = 4; lastKnownFileType = sourcecode.c.objc; path = OADataFetcher.m; sourceTree = "<group>"; };
		6D1BD0CF154A9E1C007B5C39 /* OAHMAC_SHA1SignatureProvider.h */ = {isa = PBXFileReference; fileEncoding = 4; lastKnownFileType = sourcecode.c.h; path = OAHMAC_SHA1SignatureProvider.h; sourceTree = "<group>"; };
		6D1BD0D0154A9E1C007B5C39 /* OAHMAC_SHA1SignatureProvider.m */ = {isa = PBXFileReference; fileEncoding = 4; lastKnownFileType = sourcecode.c.objc; path = OAHMAC_SHA1SignatureProvider.m; sourceTree = "<group>"; };
		6D1BD0D1154A9E1C007B5C39 /* OAMutableURLRequest.h */ = {isa = PBXFileReference; fileEncoding = 4; lastKnownFileType = sourcecode.c.h; path = OAMutableURLRequest.h; sourceTree = "<group>"; };
		6D1BD0D2154A9E1C007B5C39 /* OAMutableURLRequest.m */ = {isa = PBXFileReference; fileEncoding = 4; lastKnownFileType = sourcecode.c.objc; path = OAMutableURLRequest.m; sourceTree = "<group>"; };
		6D1BD0D3154A9E1C007B5C39 /* OAPlaintextSignatureProvider.h */ = {isa = PBXFileReference; fileEncoding = 4; lastKnownFileType = sourcecode.c.h; path = OAPlaintextSignatureProvider.h; sourceTree = "<group>"; };
		6D1BD0D4154A9E1C007B5C39 /* OAPlaintextSignatureProvider.m */ = {isa = PBXFileReference; fileEncoding = 4; lastKnownFileType = sourcecode.c.objc; path = OAPlaintextSignatureProvider.m; sourceTree = "<group>"; };
		6D1BD0D5154A9E1C007B5C39 /* OAProblem.h */ = {isa = PBXFileReference; fileEncoding = 4; lastKnownFileType = sourcecode.c.h; path = OAProblem.h; sourceTree = "<group>"; };
		6D1BD0D6154A9E1C007B5C39 /* OAProblem.m */ = {isa = PBXFileReference; fileEncoding = 4; lastKnownFileType = sourcecode.c.objc; path = OAProblem.m; sourceTree = "<group>"; };
		6D1BD0D7154A9E1C007B5C39 /* OARequestParameter.h */ = {isa = PBXFileReference; fileEncoding = 4; lastKnownFileType = sourcecode.c.h; path = OARequestParameter.h; sourceTree = "<group>"; };
		6D1BD0D8154A9E1C007B5C39 /* OARequestParameter.m */ = {isa = PBXFileReference; fileEncoding = 4; lastKnownFileType = sourcecode.c.objc; path = OARequestParameter.m; sourceTree = "<group>"; };
		6D1BD0D9154A9E1C007B5C39 /* OAServiceTicket.h */ = {isa = PBXFileReference; fileEncoding = 4; lastKnownFileType = sourcecode.c.h; path = OAServiceTicket.h; sourceTree = "<group>"; };
		6D1BD0DA154A9E1C007B5C39 /* OAServiceTicket.m */ = {isa = PBXFileReference; fileEncoding = 4; lastKnownFileType = sourcecode.c.objc; path = OAServiceTicket.m; sourceTree = "<group>"; };
		6D1BD0DB154A9E1C007B5C39 /* OASignatureProviding.h */ = {isa = PBXFileReference; fileEncoding = 4; lastKnownFileType = sourcecode.c.h; path = OASignatureProviding.h; sourceTree = "<group>"; };
		6D1BD0DC154A9E1C007B5C39 /* OAToken.h */ = {isa = PBXFileReference; fileEncoding = 4; lastKnownFileType = sourcecode.c.h; path = OAToken.h; sourceTree = "<group>"; };
		6D1BD0DD154A9E1C007B5C39 /* OAToken.m */ = {isa = PBXFileReference; fileEncoding = 4; lastKnownFileType = sourcecode.c.objc; path = OAToken.m; sourceTree = "<group>"; };
		6D1BD0DE154A9E1C007B5C39 /* OATokenManager.h */ = {isa = PBXFileReference; fileEncoding = 4; lastKnownFileType = sourcecode.c.h; path = OATokenManager.h; sourceTree = "<group>"; };
		6D1BD0DF154A9E1C007B5C39 /* OATokenManager.m */ = {isa = PBXFileReference; fileEncoding = 4; lastKnownFileType = sourcecode.c.objc; path = OATokenManager.m; sourceTree = "<group>"; };
		6D1BD0E0154A9E1C007B5C39 /* OAuthConsumer.h */ = {isa = PBXFileReference; fileEncoding = 4; lastKnownFileType = sourcecode.c.h; path = OAuthConsumer.h; sourceTree = "<group>"; };
		6D4A1DCC15427D0700C90849 /* Dinner and a Movie.app */ = {isa = PBXFileReference; explicitFileType = wrapper.application; includeInIndex = 0; path = "Dinner and a Movie.app"; sourceTree = BUILT_PRODUCTS_DIR; };
		6D4A1DD015427D0700C90849 /* UIKit.framework */ = {isa = PBXFileReference; lastKnownFileType = wrapper.framework; name = UIKit.framework; path = System/Library/Frameworks/UIKit.framework; sourceTree = SDKROOT; };
		6D4A1DD215427D0700C90849 /* Foundation.framework */ = {isa = PBXFileReference; lastKnownFileType = wrapper.framework; name = Foundation.framework; path = System/Library/Frameworks/Foundation.framework; sourceTree = SDKROOT; };
		6D4A1DD415427D0700C90849 /* CoreGraphics.framework */ = {isa = PBXFileReference; lastKnownFileType = wrapper.framework; name = CoreGraphics.framework; path = System/Library/Frameworks/CoreGraphics.framework; sourceTree = SDKROOT; };
		6D4A1DD815427D0700C90849 /* Dinner and a Movie-Info.plist */ = {isa = PBXFileReference; lastKnownFileType = text.plist.xml; path = "Dinner and a Movie-Info.plist"; sourceTree = "<group>"; };
		6D4A1DDA15427D0700C90849 /* en */ = {isa = PBXFileReference; lastKnownFileType = text.plist.strings; name = en; path = en.lproj/InfoPlist.strings; sourceTree = "<group>"; };
		6D4A1DDC15427D0700C90849 /* main.m */ = {isa = PBXFileReference; lastKnownFileType = sourcecode.c.objc; path = main.m; sourceTree = "<group>"; };
		6D4A1DDE15427D0700C90849 /* Dinner and a Movie-Prefix.pch */ = {isa = PBXFileReference; lastKnownFileType = sourcecode.c.h; path = "Dinner and a Movie-Prefix.pch"; sourceTree = "<group>"; };
		6D4A1DDF15427D0700C90849 /* AppDelegate.h */ = {isa = PBXFileReference; lastKnownFileType = sourcecode.c.h; path = AppDelegate.h; sourceTree = "<group>"; };
		6D4A1DE015427D0700C90849 /* AppDelegate.m */ = {isa = PBXFileReference; lastKnownFileType = sourcecode.c.objc; path = AppDelegate.m; sourceTree = "<group>"; };
		6D4A1DE315427D0700C90849 /* en */ = {isa = PBXFileReference; lastKnownFileType = file.storyboard; name = en; path = en.lproj/MainStoryboard.storyboard; sourceTree = "<group>"; };
		6D4A1DE515427D0700C90849 /* TypeOfFoodViewController.h */ = {isa = PBXFileReference; lastKnownFileType = sourcecode.c.h; path = TypeOfFoodViewController.h; sourceTree = "<group>"; };
		6D4A1DE615427D0700C90849 /* TypeOfFoodViewController.m */ = {isa = PBXFileReference; lastKnownFileType = sourcecode.c.objc; path = TypeOfFoodViewController.m; sourceTree = "<group>"; };
		6D4A1DE815427D0700C90849 /* first.png */ = {isa = PBXFileReference; lastKnownFileType = image.png; path = first.png; sourceTree = "<group>"; };
		6D4A1DEA15427D0700C90849 /* first@2x.png */ = {isa = PBXFileReference; lastKnownFileType = image.png; path = "first@2x.png"; sourceTree = "<group>"; };
		6D4A1DEC15427D0700C90849 /* FormOfEntertainmentViewController.h */ = {isa = PBXFileReference; lastKnownFileType = sourcecode.c.h; path = FormOfEntertainmentViewController.h; sourceTree = "<group>"; };
		6D4A1DEF15427D0700C90849 /* second.png */ = {isa = PBXFileReference; lastKnownFileType = image.png; path = second.png; sourceTree = "<group>"; };
		6D4A1DF115427D0700C90849 /* second@2x.png */ = {isa = PBXFileReference; lastKnownFileType = image.png; path = "second@2x.png"; sourceTree = "<group>"; };
		6D4A1DF815428F1F00C90849 /* Readme.txt */ = {isa = PBXFileReference; fileEncoding = 4; lastKnownFileType = text; path = Readme.txt; sourceTree = "<group>"; };
		6D66243715460E4400DE596D /* Cuisine.h */ = {isa = PBXFileReference; fileEncoding = 4; lastKnownFileType = sourcecode.c.h; path = Cuisine.h; sourceTree = "<group>"; };
		6D66243815460E4400DE596D /* Cuisine.m */ = {isa = PBXFileReference; fileEncoding = 4; lastKnownFileType = sourcecode.c.objc; path = Cuisine.m; sourceTree = "<group>"; };
		6D6624511546124800DE596D /* PearsonFetcher.h */ = {isa = PBXFileReference; fileEncoding = 4; lastKnownFileType = sourcecode.c.h; path = PearsonFetcher.h; sourceTree = "<group>"; };
		6D6624521546124800DE596D /* PearsonFetcher.m */ = {isa = PBXFileReference; fileEncoding = 4; lastKnownFileType = sourcecode.c.objc; path = PearsonFetcher.m; sourceTree = "<group>"; };
		6D662454154614EB00DE596D /* ApiKeys.h */ = {isa = PBXFileReference; lastKnownFileType = sourcecode.c.h; path = ApiKeys.h; sourceTree = "<group>"; };
		6D6624551546175B00DE596D /* Cuisine+Json.h */ = {isa = PBXFileReference; fileEncoding = 4; lastKnownFileType = sourcecode.c.h; path = "Cuisine+Json.h"; sourceTree = "<group>"; };
		6D6624561546175B00DE596D /* Cuisine+Json.m */ = {isa = PBXFileReference; fileEncoding = 4; lastKnownFileType = sourcecode.c.objc; path = "Cuisine+Json.m"; sourceTree = "<group>"; };
		6D66245815461AE000DE596D /* Recipe.h */ = {isa = PBXFileReference; fileEncoding = 4; lastKnownFileType = sourcecode.c.h; path = Recipe.h; sourceTree = "<group>"; };
		6D66245915461AE000DE596D /* Recipe.m */ = {isa = PBXFileReference; fileEncoding = 4; lastKnownFileType = sourcecode.c.objc; path = Recipe.m; sourceTree = "<group>"; };
		6D66245B15461AFB00DE596D /* Recipe+Json.h */ = {isa = PBXFileReference; fileEncoding = 4; lastKnownFileType = sourcecode.c.h; path = "Recipe+Json.h"; sourceTree = "<group>"; };
		6D66245C15461AFB00DE596D /* Recipe+Json.m */ = {isa = PBXFileReference; fileEncoding = 4; lastKnownFileType = sourcecode.c.objc; path = "Recipe+Json.m"; sourceTree = "<group>"; };
		6D66245E1546221400DE596D /* RecipeIngredient.h */ = {isa = PBXFileReference; fileEncoding = 4; lastKnownFileType = sourcecode.c.h; path = RecipeIngredient.h; sourceTree = "<group>"; };
		6D66245F1546221400DE596D /* RecipeIngredient.m */ = {isa = PBXFileReference; fileEncoding = 4; lastKnownFileType = sourcecode.c.objc; path = RecipeIngredient.m; sourceTree = "<group>"; };
		6D6624611546222600DE596D /* RecipeIngredient+Json.h */ = {isa = PBXFileReference; fileEncoding = 4; lastKnownFileType = sourcecode.c.h; path = "RecipeIngredient+Json.h"; sourceTree = "<group>"; };
		6D6624621546222600DE596D /* RecipeIngredient+Json.m */ = {isa = PBXFileReference; fileEncoding = 4; lastKnownFileType = sourcecode.c.objc; path = "RecipeIngredient+Json.m"; sourceTree = "<group>"; };
		6D6624641546227600DE596D /* NutritionalInfo.h */ = {isa = PBXFileReference; fileEncoding = 4; lastKnownFileType = sourcecode.c.h; path = NutritionalInfo.h; sourceTree = "<group>"; };
		6D6624651546227600DE596D /* NutritionalInfo.m */ = {isa = PBXFileReference; fileEncoding = 4; lastKnownFileType = sourcecode.c.objc; path = NutritionalInfo.m; sourceTree = "<group>"; };
		6D6624671546229500DE596D /* NutritionalInfo+Json.h */ = {isa = PBXFileReference; fileEncoding = 4; lastKnownFileType = sourcecode.c.h; path = "NutritionalInfo+Json.h"; sourceTree = "<group>"; };
		6D6624681546229500DE596D /* NutritionalInfo+Json.m */ = {isa = PBXFileReference; fileEncoding = 4; lastKnownFileType = sourcecode.c.objc; path = "NutritionalInfo+Json.m"; sourceTree = "<group>"; };
		6DA75BF3154CB354003605D3 /* SDWebImage.xcodeproj */ = {isa = PBXFileReference; lastKnownFileType = "wrapper.pb-project"; name = SDWebImage.xcodeproj; path = SDWebImage/SDWebImage.xcodeproj; sourceTree = "<group>"; };
		6DA75C05154CB42A003605D3 /* MapKit.framework */ = {isa = PBXFileReference; lastKnownFileType = wrapper.framework; name = MapKit.framework; path = System/Library/Frameworks/MapKit.framework; sourceTree = SDKROOT; };
		6DA75C07154CB48E003605D3 /* RestaurantListingTableCell.h */ = {isa = PBXFileReference; fileEncoding = 4; lastKnownFileType = sourcecode.c.h; path = RestaurantListingTableCell.h; sourceTree = "<group>"; };
		6DA75C08154CB48E003605D3 /* RestaurantListingTableCell.m */ = {isa = PBXFileReference; fileEncoding = 4; lastKnownFileType = sourcecode.c.objc; path = RestaurantListingTableCell.m; sourceTree = "<group>"; };
		6DA75C0A154CB671003605D3 /* restaurant_placeholder.png */ = {isa = PBXFileReference; lastKnownFileType = image.png; path = restaurant_placeholder.png; sourceTree = "<group>"; };
		6DA75C0C154CB9A4003605D3 /* blank.gif */ = {isa = PBXFileReference; lastKnownFileType = image.gif; path = blank.gif; sourceTree = "<group>"; };
/* End PBXFileReference section */

/* Begin PBXFrameworksBuildPhase section */
		6D4A1DC915427D0700C90849 /* Frameworks */ = {
			isa = PBXFrameworksBuildPhase;
			buildActionMask = 2147483647;
			files = (
				6DA75C06154CB42A003605D3 /* MapKit.framework in Frameworks */,
				6DA75C04154CB38E003605D3 /* libSDWebImage.a in Frameworks */,
				6D00C15B154BA11B004728CD /* CoreLocation.framework in Frameworks */,
				6D4A1DD115427D0700C90849 /* UIKit.framework in Frameworks */,
				6D4A1DD315427D0700C90849 /* Foundation.framework in Frameworks */,
				6D4A1DD515427D0700C90849 /* CoreGraphics.framework in Frameworks */,
			);
			runOnlyForDeploymentPostprocessing = 0;
		};
/* End PBXFrameworksBuildPhase section */

/* Begin PBXGroup section */
		6D1BD0B7154A9B05007B5C39 /* ViewControllers */ = {
			isa = PBXGroup;
			children = (
				6D4A1DE515427D0700C90849 /* TypeOfFoodViewController.h */,
				6D4A1DE615427D0700C90849 /* TypeOfFoodViewController.m */,
				6D1BD0AA154A9B00007B5C39 /* RecipeListTableViewController.h */,
				6D1BD0AB154A9B00007B5C39 /* RecipeListTableViewController.m */,
				6D1BD0AC154A9B00007B5C39 /* RestaurantListTableViewController.h */,
				6D1BD0AD154A9B00007B5C39 /* RestaurantListTableViewController.m */,
				6D1BD0A6154A9B00007B5C39 /* RecipeDetailsViewController.h */,
				6D1BD0A7154A9B00007B5C39 /* RecipeDetailsViewController.m */,
				6D00C16C154BC256004728CD /* RestaurantDetailsViewController.h */,
				6D00C16D154BC256004728CD /* RestaurantDetailsViewController.m */,
				6D4A1DEC15427D0700C90849 /* FormOfEntertainmentViewController.h */,
				6D1BD0A5154A9B00007B5C39 /* FormOfEntertainmentViewController.m */,
			);
			name = ViewControllers;
			sourceTree = "<group>";
		};
		6D1BD0B8154A9B1A007B5C39 /* TableCells */ = {
			isa = PBXGroup;
			children = (
				6D1BD0A8154A9B00007B5C39 /* RecipeListingTableCell.h */,
				6D1BD0A9154A9B00007B5C39 /* RecipeListingTableCell.m */,
				6DA75C07154CB48E003605D3 /* RestaurantListingTableCell.h */,
				6DA75C08154CB48E003605D3 /* RestaurantListingTableCell.m */,
			);
			name = TableCells;
			sourceTree = "<group>";
		};
		6D1BD0B9154A9E1C007B5C39 /* Libraries */ = {
			isa = PBXGroup;
			children = (
				6DA75BF3154CB354003605D3 /* SDWebImage.xcodeproj */,
				6D1BD0BA154A9E1C007B5C39 /* OAuthConsumer */,
			);
			path = Libraries;
			sourceTree = "<group>";
		};
		6D1BD0BA154A9E1C007B5C39 /* OAuthConsumer */ = {
			isa = PBXGroup;
			children = (
				6D1BD0BB154A9E1C007B5C39 /* Categories */,
				6D1BD0C2154A9E1C007B5C39 /* Crytpo */,
				6D1BD0C9154A9E1C007B5C39 /* OACall.h */,
				6D1BD0CA154A9E1C007B5C39 /* OACall.m */,
				6D1BD0CB154A9E1C007B5C39 /* OAConsumer.h */,
				6D1BD0CC154A9E1C007B5C39 /* OAConsumer.m */,
				6D1BD0CD154A9E1C007B5C39 /* OADataFetcher.h */,
				6D1BD0CE154A9E1C007B5C39 /* OADataFetcher.m */,
				6D1BD0CF154A9E1C007B5C39 /* OAHMAC_SHA1SignatureProvider.h */,
				6D1BD0D0154A9E1C007B5C39 /* OAHMAC_SHA1SignatureProvider.m */,
				6D1BD0D1154A9E1C007B5C39 /* OAMutableURLRequest.h */,
				6D1BD0D2154A9E1C007B5C39 /* OAMutableURLRequest.m */,
				6D1BD0D3154A9E1C007B5C39 /* OAPlaintextSignatureProvider.h */,
				6D1BD0D4154A9E1C007B5C39 /* OAPlaintextSignatureProvider.m */,
				6D1BD0D5154A9E1C007B5C39 /* OAProblem.h */,
				6D1BD0D6154A9E1C007B5C39 /* OAProblem.m */,
				6D1BD0D7154A9E1C007B5C39 /* OARequestParameter.h */,
				6D1BD0D8154A9E1C007B5C39 /* OARequestParameter.m */,
				6D1BD0D9154A9E1C007B5C39 /* OAServiceTicket.h */,
				6D1BD0DA154A9E1C007B5C39 /* OAServiceTicket.m */,
				6D1BD0DB154A9E1C007B5C39 /* OASignatureProviding.h */,
				6D1BD0DC154A9E1C007B5C39 /* OAToken.h */,
				6D1BD0DD154A9E1C007B5C39 /* OAToken.m */,
				6D1BD0DE154A9E1C007B5C39 /* OATokenManager.h */,
				6D1BD0DF154A9E1C007B5C39 /* OATokenManager.m */,
				6D1BD0E0154A9E1C007B5C39 /* OAuthConsumer.h */,
			);
			path = OAuthConsumer;
			sourceTree = "<group>";
		};
		6D1BD0BB154A9E1C007B5C39 /* Categories */ = {
			isa = PBXGroup;
			children = (
				6D1BD0BC154A9E1C007B5C39 /* NSMutableURLRequest+Parameters.h */,
				6D1BD0BD154A9E1C007B5C39 /* NSMutableURLRequest+Parameters.m */,
				6D1BD0BE154A9E1C007B5C39 /* NSString+URLEncoding.h */,
				6D1BD0BF154A9E1C007B5C39 /* NSString+URLEncoding.m */,
				6D1BD0C0154A9E1C007B5C39 /* NSURL+Base.h */,
				6D1BD0C1154A9E1C007B5C39 /* NSURL+Base.m */,
			);
			path = Categories;
			sourceTree = "<group>";
		};
		6D1BD0C2154A9E1C007B5C39 /* Crytpo */ = {
			isa = PBXGroup;
			children = (
				6D1BD0C3154A9E1C007B5C39 /* Base64Transcoder.c */,
				6D1BD0C4154A9E1C007B5C39 /* Base64Transcoder.h */,
				6D1BD0C5154A9E1C007B5C39 /* hmac.c */,
				6D1BD0C6154A9E1C007B5C39 /* hmac.h */,
				6D1BD0C7154A9E1C007B5C39 /* sha1.c */,
				6D1BD0C8154A9E1C007B5C39 /* sha1.h */,
			);
			path = Crytpo;
			sourceTree = "<group>";
		};
		6D4A1DC115427D0700C90849 = {
			isa = PBXGroup;
			children = (
				6D4A1DD615427D0700C90849 /* Dinner and a Movie */,
				6D1BD0B9154A9E1C007B5C39 /* Libraries */,
				6D4A1DCF15427D0700C90849 /* Frameworks */,
				6D4A1DCD15427D0700C90849 /* Products */,
			);
			sourceTree = "<group>";
		};
		6D4A1DCD15427D0700C90849 /* Products */ = {
			isa = PBXGroup;
			children = (
				6D4A1DCC15427D0700C90849 /* Dinner and a Movie.app */,
			);
			name = Products;
			sourceTree = "<group>";
		};
		6D4A1DCF15427D0700C90849 /* Frameworks */ = {
			isa = PBXGroup;
			children = (
				6DA75C05154CB42A003605D3 /* MapKit.framework */,
				6D00C15A154BA11B004728CD /* CoreLocation.framework */,
				6D4A1DD015427D0700C90849 /* UIKit.framework */,
				6D4A1DD215427D0700C90849 /* Foundation.framework */,
				6D4A1DD415427D0700C90849 /* CoreGraphics.framework */,
			);
			name = Frameworks;
			sourceTree = "<group>";
		};
		6D4A1DD615427D0700C90849 /* Dinner and a Movie */ = {
			isa = PBXGroup;
			children = (
				6D1BD0B8154A9B1A007B5C39 /* TableCells */,
				6D1BD0B7154A9B05007B5C39 /* ViewControllers */,
				6D66243615460E0100DE596D /* Retrievers */,
				6D66243415460DF600DE596D /* Models */,
				6D4A1DDF15427D0700C90849 /* AppDelegate.h */,
				6D4A1DE015427D0700C90849 /* AppDelegate.m */,
				6D4A1DE215427D0700C90849 /* MainStoryboard.storyboard */,
				6D4A1DE815427D0700C90849 /* first.png */,
				6D4A1DEA15427D0700C90849 /* first@2x.png */,
				6D4A1DEF15427D0700C90849 /* second.png */,
				6DA75C0A154CB671003605D3 /* restaurant_placeholder.png */,
				6DA75C0C154CB9A4003605D3 /* blank.gif */,
				6D4A1DF115427D0700C90849 /* second@2x.png */,
				6D0530E0154C3C8700578E23 /* Powered_By_Yelp_Red.png */,
				6D4A1DF815428F1F00C90849 /* Readme.txt */,
				6D036A84154CE7AC005ACB52 /* iTunesArtwork */,
				6D036A7C154CE572005ACB52 /* Icon.png */,
				6D036A7D154CE572005ACB52 /* Icon@2x.png */,
				6D4A1DD715427D0700C90849 /* Supporting Files */,
			);
			path = "Dinner and a Movie";
			sourceTree = "<group>";
		};
		6D4A1DD715427D0700C90849 /* Supporting Files */ = {
			isa = PBXGroup;
			children = (
				6D4A1DD815427D0700C90849 /* Dinner and a Movie-Info.plist */,
				6D4A1DD915427D0700C90849 /* InfoPlist.strings */,
				6D4A1DDC15427D0700C90849 /* main.m */,
				6D4A1DDE15427D0700C90849 /* Dinner and a Movie-Prefix.pch */,
			);
			name = "Supporting Files";
			sourceTree = "<group>";
		};
		6D66243415460DF600DE596D /* Models */ = {
			isa = PBXGroup;
			children = (
				6D66243715460E4400DE596D /* Cuisine.h */,
				6D66243815460E4400DE596D /* Cuisine.m */,
				6D6624551546175B00DE596D /* Cuisine+Json.h */,
				6D6624561546175B00DE596D /* Cuisine+Json.m */,
				6D66245815461AE000DE596D /* Recipe.h */,
				6D66245915461AE000DE596D /* Recipe.m */,
				6D66245B15461AFB00DE596D /* Recipe+Json.h */,
				6D66245C15461AFB00DE596D /* Recipe+Json.m */,
				6D66245E1546221400DE596D /* RecipeIngredient.h */,
				6D66245F1546221400DE596D /* RecipeIngredient.m */,
				6D6624611546222600DE596D /* RecipeIngredient+Json.h */,
				6D6624621546222600DE596D /* RecipeIngredient+Json.m */,
				6D6624641546227600DE596D /* NutritionalInfo.h */,
				6D6624651546227600DE596D /* NutritionalInfo.m */,
				6D6624671546229500DE596D /* NutritionalInfo+Json.h */,
				6D6624681546229500DE596D /* NutritionalInfo+Json.m */,
				6D00C136154B8916004728CD /* Cuisine+Restaurant.h */,
				6D00C137154B8916004728CD /* Cuisine+Restaurant.m */,
				6D00C15C154BAEBB004728CD /* Restaurant.h */,
				6D00C15D154BAEBB004728CD /* Restaurant.m */,
				6D00C166154BB1CC004728CD /* Restaurant+Json.h */,
				6D00C167154BB1CC004728CD /* Restaurant+Json.m */,
				6D00C163154BB103004728CD /* RestaurantLocation.h */,
				6D00C164154BB103004728CD /* RestaurantLocation.m */,
				6D00C169154BB233004728CD /* RestaurantLocation+Json.h */,
				6D00C16A154BB233004728CD /* RestaurantLocation+Json.m */,
			);
			name = Models;
			sourceTree = "<group>";
		};
		6D66243615460E0100DE596D /* Retrievers */ = {
			isa = PBXGroup;
			children = (
				6D1BD0AE154A9B00007B5C39 /* YelpFetcher.h */,
				6D1BD0AF154A9B00007B5C39 /* YelpFetcher.m */,
				6D6624511546124800DE596D /* PearsonFetcher.h */,
				6D6624521546124800DE596D /* PearsonFetcher.m */,
				6D662454154614EB00DE596D /* ApiKeys.h */,
				6D00C134154B87EB004728CD /* Fetcher.h */,
			);
			name = Retrievers;
			sourceTree = "<group>";
		};
		6DA75BFF154CB35C003605D3 /* Products */ = {
			isa = PBXGroup;
			children = (
				6DA75C03154CB35C003605D3 /* libSDWebImage.a */,
			);
			name = Products;
			sourceTree = "<group>";
		};
/* End PBXGroup section */

/* Begin PBXNativeTarget section */
		6D4A1DCB15427D0700C90849 /* Dinner and a Movie */ = {
			isa = PBXNativeTarget;
			buildConfigurationList = 6D4A1DF515427D0700C90849 /* Build configuration list for PBXNativeTarget "Dinner and a Movie" */;
			buildPhases = (
				6D4A1DC815427D0700C90849 /* Sources */,
				6D4A1DC915427D0700C90849 /* Frameworks */,
				6D4A1DCA15427D0700C90849 /* Resources */,
			);
			buildRules = (
			);
			dependencies = (
			);
			name = "Dinner and a Movie";
			productName = "Dinner and a Movie";
			productReference = 6D4A1DCC15427D0700C90849 /* Dinner and a Movie.app */;
			productType = "com.apple.product-type.application";
		};
/* End PBXNativeTarget section */

/* Begin PBXProject section */
		6D4A1DC315427D0700C90849 /* Project object */ = {
			isa = PBXProject;
			attributes = {
				LastUpgradeCheck = 0430;
			};
			buildConfigurationList = 6D4A1DC615427D0700C90849 /* Build configuration list for PBXProject "Dinner and a Movie" */;
			compatibilityVersion = "Xcode 3.2";
			developmentRegion = English;
			hasScannedForEncodings = 0;
			knownRegions = (
				en,
			);
			mainGroup = 6D4A1DC115427D0700C90849;
			productRefGroup = 6D4A1DCD15427D0700C90849 /* Products */;
			projectDirPath = "";
			projectReferences = (
				{
					ProductGroup = 6DA75BFF154CB35C003605D3 /* Products */;
					ProjectRef = 6DA75BF3154CB354003605D3 /* SDWebImage.xcodeproj */;
				},
			);
			projectRoot = "";
			targets = (
				6D4A1DCB15427D0700C90849 /* Dinner and a Movie */,
			);
		};
/* End PBXProject section */

/* Begin PBXReferenceProxy section */
		6DA75C03154CB35C003605D3 /* libSDWebImage.a */ = {
			isa = PBXReferenceProxy;
			fileType = archive.ar;
			path = libSDWebImage.a;
			remoteRef = 6DA75C02154CB35C003605D3 /* PBXContainerItemProxy */;
			sourceTree = BUILT_PRODUCTS_DIR;
		};
/* End PBXReferenceProxy section */

/* Begin PBXResourcesBuildPhase section */
		6D4A1DCA15427D0700C90849 /* Resources */ = {
			isa = PBXResourcesBuildPhase;
			buildActionMask = 2147483647;
			files = (
				6D4A1DDB15427D0700C90849 /* InfoPlist.strings in Resources */,
				6D4A1DE415427D0700C90849 /* MainStoryboard.storyboard in Resources */,
				6D4A1DE915427D0700C90849 /* first.png in Resources */,
				6D4A1DEB15427D0700C90849 /* first@2x.png in Resources */,
				6D4A1DF015427D0700C90849 /* second.png in Resources */,
				6D4A1DF215427D0700C90849 /* second@2x.png in Resources */,
				6D4A1DF915428F1F00C90849 /* Readme.txt in Resources */,
				6D0530E1154C3C8700578E23 /* Powered_By_Yelp_Red.png in Resources */,
				6DA75C0B154CB671003605D3 /* restaurant_placeholder.png in Resources */,
				6DA75C0D154CB9A4003605D3 /* blank.gif in Resources */,
				6D036A7E154CE572005ACB52 /* Icon.png in Resources */,
				6D036A7F154CE572005ACB52 /* Icon@2x.png in Resources */,
				6D036A85154CE7AC005ACB52 /* iTunesArtwork in Resources */,
			);
			runOnlyForDeploymentPostprocessing = 0;
		};
/* End PBXResourcesBuildPhase section */

/* Begin PBXSourcesBuildPhase section */
		6D4A1DC815427D0700C90849 /* Sources */ = {
			isa = PBXSourcesBuildPhase;
			buildActionMask = 2147483647;
			files = (
				6D4A1DDD15427D0700C90849 /* main.m in Sources */,
				6D4A1DE115427D0700C90849 /* AppDelegate.m in Sources */,
				6D4A1DE715427D0700C90849 /* TypeOfFoodViewController.m in Sources */,
				6D66243915460E4400DE596D /* Cuisine.m in Sources */,
				6D6624531546124800DE596D /* PearsonFetcher.m in Sources */,
				6D6624571546175B00DE596D /* Cuisine+Json.m in Sources */,
				6D66245A15461AE000DE596D /* Recipe.m in Sources */,
				6D66245D15461AFB00DE596D /* Recipe+Json.m in Sources */,
				6D6624601546221400DE596D /* RecipeIngredient.m in Sources */,
				6D6624631546222600DE596D /* RecipeIngredient+Json.m in Sources */,
				6D6624661546227700DE596D /* NutritionalInfo.m in Sources */,
				6D6624691546229500DE596D /* NutritionalInfo+Json.m in Sources */,
				6D1BD0B0154A9B00007B5C39 /* FormOfEntertainmentViewController.m in Sources */,
				6D1BD0B1154A9B00007B5C39 /* RecipeDetailsViewController.m in Sources */,
				6D1BD0B2154A9B00007B5C39 /* RecipeListingTableCell.m in Sources */,
				6D1BD0B3154A9B00007B5C39 /* RecipeListTableViewController.m in Sources */,
				6D1BD0B4154A9B00007B5C39 /* RestaurantListTableViewController.m in Sources */,
				6D1BD0B5154A9B00007B5C39 /* YelpFetcher.m in Sources */,
				6D1BD0E1154A9E1C007B5C39 /* NSMutableURLRequest+Parameters.m in Sources */,
				6D1BD0E2154A9E1C007B5C39 /* NSString+URLEncoding.m in Sources */,
				6D1BD0E3154A9E1C007B5C39 /* NSURL+Base.m in Sources */,
				6D1BD0E4154A9E1C007B5C39 /* Base64Transcoder.c in Sources */,
				6D1BD0E5154A9E1C007B5C39 /* hmac.c in Sources */,
				6D1BD0E6154A9E1C007B5C39 /* sha1.c in Sources */,
				6D1BD0E7154A9E1C007B5C39 /* OACall.m in Sources */,
				6D1BD0E8154A9E1C007B5C39 /* OAConsumer.m in Sources */,
				6D1BD0E9154A9E1C007B5C39 /* OADataFetcher.m in Sources */,
				6D1BD0EA154A9E1C007B5C39 /* OAHMAC_SHA1SignatureProvider.m in Sources */,
				6D1BD0EB154A9E1C007B5C39 /* OAMutableURLRequest.m in Sources */,
				6D1BD0EC154A9E1C007B5C39 /* OAPlaintextSignatureProvider.m in Sources */,
				6D1BD0ED154A9E1C007B5C39 /* OAProblem.m in Sources */,
				6D1BD0EE154A9E1C007B5C39 /* OARequestParameter.m in Sources */,
				6D1BD0EF154A9E1C007B5C39 /* OAServiceTicket.m in Sources */,
				6D1BD0F0154A9E1C007B5C39 /* OAToken.m in Sources */,
				6D1BD0F1154A9E1C007B5C39 /* OATokenManager.m in Sources */,
				6D00C138154B8916004728CD /* Cuisine+Restaurant.m in Sources */,
				6D00C15E154BAEBB004728CD /* Restaurant.m in Sources */,
				6D00C165154BB103004728CD /* RestaurantLocation.m in Sources */,
				6D00C168154BB1CC004728CD /* Restaurant+Json.m in Sources */,
				6D00C16B154BB233004728CD /* RestaurantLocation+Json.m in Sources */,
				6D00C16E154BC256004728CD /* RestaurantDetailsViewController.m in Sources */,
				6DA75C09154CB48E003605D3 /* RestaurantListingTableCell.m in Sources */,
			);
			runOnlyForDeploymentPostprocessing = 0;
		};
/* End PBXSourcesBuildPhase section */

/* Begin PBXVariantGroup section */
		6D4A1DD915427D0700C90849 /* InfoPlist.strings */ = {
			isa = PBXVariantGroup;
			children = (
				6D4A1DDA15427D0700C90849 /* en */,
			);
			name = InfoPlist.strings;
			sourceTree = "<group>";
		};
		6D4A1DE215427D0700C90849 /* MainStoryboard.storyboard */ = {
			isa = PBXVariantGroup;
			children = (
				6D4A1DE315427D0700C90849 /* en */,
			);
			name = MainStoryboard.storyboard;
			sourceTree = "<group>";
		};
/* End PBXVariantGroup section */

/* Begin XCBuildConfiguration section */
		6D4A1DF315427D0700C90849 /* Debug */ = {
			isa = XCBuildConfiguration;
			buildSettings = {
				ALWAYS_SEARCH_USER_PATHS = NO;
				ARCHS = "$(ARCHS_STANDARD_32_BIT)";
				CLANG_ENABLE_OBJC_ARC = YES;
				"CODE_SIGN_IDENTITY[sdk=iphoneos*]" = "iPhone Developer";
				COPY_PHASE_STRIP = NO;
				GCC_C_LANGUAGE_STANDARD = gnu99;
				GCC_DYNAMIC_NO_PIC = NO;
				GCC_OPTIMIZATION_LEVEL = 0;
				GCC_PREPROCESSOR_DEFINITIONS = (
					"DEBUG=1",
					"$(inherited)",
				);
				GCC_SYMBOLS_PRIVATE_EXTERN = NO;
				GCC_VERSION = com.apple.compilers.llvm.clang.1_0;
				GCC_WARN_ABOUT_RETURN_TYPE = YES;
				GCC_WARN_UNINITIALIZED_AUTOS = YES;
				GCC_WARN_UNUSED_VARIABLE = YES;
				IPHONEOS_DEPLOYMENT_TARGET = 5.0;
				SDKROOT = iphoneos;
				USER_HEADER_SEARCH_PATHS = "\"$(BUILT_PRODUCTS_DIR)/../../Headers\"/**";
			};
			name = Debug;
		};
		6D4A1DF415427D0700C90849 /* Release */ = {
			isa = XCBuildConfiguration;
			buildSettings = {
				ALWAYS_SEARCH_USER_PATHS = NO;
				ARCHS = "$(ARCHS_STANDARD_32_BIT)";
				CLANG_ENABLE_OBJC_ARC = YES;
				"CODE_SIGN_IDENTITY[sdk=iphoneos*]" = "iPhone Developer";
				COPY_PHASE_STRIP = YES;
				GCC_C_LANGUAGE_STANDARD = gnu99;
				GCC_VERSION = com.apple.compilers.llvm.clang.1_0;
				GCC_WARN_ABOUT_RETURN_TYPE = YES;
				GCC_WARN_UNINITIALIZED_AUTOS = YES;
				GCC_WARN_UNUSED_VARIABLE = YES;
				IPHONEOS_DEPLOYMENT_TARGET = 5.0;
				OTHER_CFLAGS = "-DNS_BLOCK_ASSERTIONS=1";
				SDKROOT = iphoneos;
				USER_HEADER_SEARCH_PATHS = "\"$(BUILT_PRODUCTS_DIR)/../../Headers\"/**";
				VALIDATE_PRODUCT = YES;
			};
			name = Release;
		};
		6D4A1DF615427D0700C90849 /* Debug */ = {
			isa = XCBuildConfiguration;
			buildSettings = {
				GCC_PRECOMPILE_PREFIX_HEADER = YES;
				GCC_PREFIX_HEADER = "Dinner and a Movie/Dinner and a Movie-Prefix.pch";
				INFOPLIST_FILE = "Dinner and a Movie/Dinner and a Movie-Info.plist";
				OTHER_LDFLAGS = "-ObjC";
				PRODUCT_NAME = "$(TARGET_NAME)";
				WRAPPER_EXTENSION = app;
			};
			name = Debug;
		};
		6D4A1DF715427D0700C90849 /* Release */ = {
			isa = XCBuildConfiguration;
			buildSettings = {
				GCC_PRECOMPILE_PREFIX_HEADER = YES;
				GCC_PREFIX_HEADER = "Dinner and a Movie/Dinner and a Movie-Prefix.pch";
				INFOPLIST_FILE = "Dinner and a Movie/Dinner and a Movie-Info.plist";
				OTHER_LDFLAGS = "-ObjC";
				PRODUCT_NAME = "$(TARGET_NAME)";
				WRAPPER_EXTENSION = app;
			};
			name = Release;
		};
/* End XCBuildConfiguration section */

/* Begin XCConfigurationList section */
		6D4A1DC615427D0700C90849 /* Build configuration list for PBXProject "Dinner and a Movie" */ = {
			isa = XCConfigurationList;
			buildConfigurations = (
				6D4A1DF315427D0700C90849 /* Debug */,
				6D4A1DF415427D0700C90849 /* Release */,
			);
			defaultConfigurationIsVisible = 0;
			defaultConfigurationName = Release;
		};
		6D4A1DF515427D0700C90849 /* Build configuration list for PBXNativeTarget "Dinner and a Movie" */ = {
			isa = XCConfigurationList;
			buildConfigurations = (
				6D4A1DF615427D0700C90849 /* Debug */,
				6D4A1DF715427D0700C90849 /* Release */,
			);
			defaultConfigurationIsVisible = 0;
			defaultConfigurationName = Release;
		};
/* End XCConfigurationList section */
	};
	rootObject = 6D4A1DC315427D0700C90849 /* Project object */;
}
